{
  "version": 4,
  "terraform_version": "1.5.7",
  "serial": 1,
  "lineage": "573c7c51-8b29-b906-cd95-89d7e42282da",
  "outputs": {},
  "resources": [
    {
      "mode": "managed",
      "type": "aws_vpc",
      "name": "lab_vpc",
      "provider": "provider[\"registry.terraform.io/hashicorp/aws\"]",
      "instances": [
        {
          "schema_version": 1,
          "attributes": {
            "arn": "arn:aws:ec2:us-east-1:004908503969:vpc/vpc-0060c68aee357208b",
            "assign_generated_ipv6_cidr_block": false,
            "cidr_block": "10.0.0.0/16",
            "default_network_acl_id": "acl-08d643b5cae5d8af7",
            "default_route_table_id": "rtb-0afdb75f83343a78b",
            "default_security_group_id": "sg-0cbd3f2ed67423aa2",
            "dhcp_options_id": "dopt-081840ebc86a52e1f",
            "enable_dns_hostnames": false,
            "enable_dns_support": true,
            "enable_network_address_usage_metrics": false,
            "id": "vpc-0060c68aee357208b",
            "instance_tenancy": "default",
            "ipv4_ipam_pool_id": null,
            "ipv4_netmask_length": null,
            "ipv6_association_id": "",
            "ipv6_cidr_block": "",
            "ipv6_cidr_block_network_border_group": "",
            "ipv6_ipam_pool_id": "",
            "ipv6_netmask_length": 0,
            "main_route_table_id": "rtb-0afdb75f83343a78b",
            "owner_id": "004908503969",
            "tags": {
              "name": "my_terraform_vpc"
            },
            "tags_all": {
              "name": "my_terraform_vpc"
            }
          },
          "sensitive_attributes": [],
          "private": "eyJzY2hlbWFfdmVyc2lvbiI6IjEifQ=="
        }
      ]
    }
  ],
  "check_results": null
}
